
Microsoft Visual Studio Solution File, Format Version 12.00
# Visual Studio Version 16
VisualStudioVersion = 16.0.31911.196
MinimumVisualStudioVersion = 10.0.40219.1
Project("{FAE04EC0-301F-11D3-BF4B-00C04F79EFBC}") = "InitArray", "InitArray.csproj", "{5723C61E-1189-439D-B761-410DE11F8241}"
EndProject
Global
	GlobalSection(SolutionConfigurationPlatforms) = preSolution
		Debug|Any CPU = Debug|Any CPU
		Release|Any CPU = Release|Any CPU
	EndGlobalSection
	GlobalSection(ProjectConfigurationPlatforms) = postSolution
		{5723C61E-1189-439D-B761-410DE11F8241}.Debug|Any CPU.ActiveCfg = Debug|Any CPU
		{5723C61E-1189-439D-B761-410DE11F8241}.Debug|Any CPU.Build.0 = Debug|Any CPU
		{5723C61E-1189-439D-B761-410DE11F8241}.Release|Any CPU.ActiveCfg = Release|Any CPU
		{5723C61E-1189-439D-B761-410DE11F8241}.Release|Any CPU.Build.0 = Release|Any CPU
	EndGlobalSection
	GlobalSection(SolutionProperties) = preSolution
		HideSolutionNode = FALSE
	EndGlobalSection
	GlobalSection(ExtensibilityGlobals) = postSolution
		SolutionGuid = {B5D042BC-491E-46A9-8F92-4E63AA617F70}
	EndGlobalSection
EndGlobal
